PODS:
  - Alamofire (4.7.3)
  - JGProgressHUD (2.0.3)
  - Kingfisher (4.10.0)
  - SwiftyJSON (4.2.0)

DEPENDENCIES:
  - Alamofire
  - JGProgressHUD
  - Kingfisher
  - SwiftyJSON

SPEC REPOS:
  https://github.com/cocoapods/specs.git:
    - Alamofire
    - JGProgressHUD
    - Kingfisher
    - SwiftyJSON

SPEC CHECKSUMS:
  Alamofire: c7287b6e5d7da964a70935e5db17046b7fde6568
  JGProgressHUD: 12b20a8f4ffe05258f8635c1ab92816e451f904d
  Kingfisher: 43c4b802d8b5256cf1f4379e9cd10b329be6d3e2
  SwiftyJSON: c4bcba26dd9ec7a027fc8eade48e2c911f229e96

PODFILE CHECKSUM: 29c7f08ae9e7e066d55c2b2326e5cb2bcf05ee1f

COCOAPODS: 1.5.3
